
Microsoft Visual Studio Solution File, Format Version 12.00
# Visual Studio Version 17
VisualStudioVersion = 17.0.31903.59
MinimumVisualStudioVersion = 10.0.40219.1
Project("{2150E333-8FDC-42A3-9474-1A3956D46DE8}") = "src", "src", "{237B1EC1-177D-444A-8AD4-9FFEFA1860AB}"
EndProject
Project("{FAE04EC0-301F-11D3-BF4B-00C04F79EFBC}") = "AuthService2021265.Domain", "src\AuthService2021265.Domain\AuthService2021265.Domain.csproj", "{4FB8FF46-D153-4BA7-B64F-8E0EFC594A94}"
EndProject
Project("{FAE04EC0-301F-11D3-BF4B-00C04F79EFBC}") = "AuthService2021265.Application", "src\AuthService2021265.Application\AuthService2021265.Application.csproj", "{581A8035-A63E-4571-93A9-A115A54E22C0}"
EndProject
Project("{FAE04EC0-301F-11D3-BF4B-00C04F79EFBC}") = "AuthService2021265.Persistence", "src\AuthService2021265.Persistence\AuthService2021265.Persistence.csproj", "{00C4485F-4E91-47B9-A465-52BD70CBF74B}"
EndProject
Global
	GlobalSection(SolutionConfigurationPlatforms) = preSolution
		Debug|Any CPU = Debug|Any CPU
		Release|Any CPU = Release|Any CPU
	EndGlobalSection
	GlobalSection(SolutionProperties) = preSolution
		HideSolutionNode = FALSE
	EndGlobalSection
	GlobalSection(ProjectConfigurationPlatforms) = postSolution
		{4FB8FF46-D153-4BA7-B64F-8E0EFC594A94}.Debug|Any CPU.ActiveCfg = Debug|Any CPU
		{4FB8FF46-D153-4BA7-B64F-8E0EFC594A94}.Debug|Any CPU.Build.0 = Debug|Any CPU
		{4FB8FF46-D153-4BA7-B64F-8E0EFC594A94}.Release|Any CPU.ActiveCfg = Release|Any CPU
		{4FB8FF46-D153-4BA7-B64F-8E0EFC594A94}.Release|Any CPU.Build.0 = Release|Any CPU
		{581A8035-A63E-4571-93A9-A115A54E22C0}.Debug|Any CPU.ActiveCfg = Debug|Any CPU
		{581A8035-A63E-4571-93A9-A115A54E22C0}.Debug|Any CPU.Build.0 = Debug|Any CPU
		{581A8035-A63E-4571-93A9-A115A54E22C0}.Release|Any CPU.ActiveCfg = Release|Any CPU
		{581A8035-A63E-4571-93A9-A115A54E22C0}.Release|Any CPU.Build.0 = Release|Any CPU
		{00C4485F-4E91-47B9-A465-52BD70CBF74B}.Debug|Any CPU.ActiveCfg = Debug|Any CPU
		{00C4485F-4E91-47B9-A465-52BD70CBF74B}.Debug|Any CPU.Build.0 = Debug|Any CPU
		{00C4485F-4E91-47B9-A465-52BD70CBF74B}.Release|Any CPU.ActiveCfg = Release|Any CPU
		{00C4485F-4E91-47B9-A465-52BD70CBF74B}.Release|Any CPU.Build.0 = Release|Any CPU
	EndGlobalSection
	GlobalSection(NestedProjects) = preSolution
		{4FB8FF46-D153-4BA7-B64F-8E0EFC594A94} = {237B1EC1-177D-444A-8AD4-9FFEFA1860AB}
		{581A8035-A63E-4571-93A9-A115A54E22C0} = {237B1EC1-177D-444A-8AD4-9FFEFA1860AB}
		{00C4485F-4E91-47B9-A465-52BD70CBF74B} = {237B1EC1-177D-444A-8AD4-9FFEFA1860AB}
	EndGlobalSection
EndGlobal
